// !$*UTF8*$!
{
	archiveVersion = 1;
	classes = {
	};
	objectVersion = 46;
	objects = {

/* Begin PBXBuildFile section */
		A76029221A318D56008A0436 /* AppDelegate.swift in Sources */ = {isa = PBXBuildFile; fileRef = A76029211A318D56008A0436 /* AppDelegate.swift */; };
		A76029241A318D56008A0436 /* ViewController.swift in Sources */ = {isa = PBXBuildFile; fileRef = A76029231A318D56008A0436 /* ViewController.swift */; };
		A76029271A318D56008A0436 /* Main.storyboard in Resources */ = {isa = PBXBuildFile; fileRef = A76029251A318D56008A0436 /* Main.storyboard */; };
		A76029291A318D56008A0436 /* Images.xcassets in Resources */ = {isa = PBXBuildFile; fileRef = A76029281A318D56008A0436 /* Images.xcassets */; };
		A760292C1A318D56008A0436 /* LaunchScreen.xib in Resources */ = {isa = PBXBuildFile; fileRef = A760292A1A318D56008A0436 /* LaunchScreen.xib */; };
		A76029381A318D56008A0436 /* SlotMachineTests.swift in Sources */ = {isa = PBXBuildFile; fileRef = A76029371A318D56008A0436 /* SlotMachineTests.swift */; };
/* End PBXBuildFile section */

/* Begin PBXContainerItemProxy section */
		A76029321A318D56008A0436 /* PBXContainerItemProxy */ = {
			isa = PBXContainerItemProxy;
			containerPortal = A76029141A318D55008A0436 /* Project object */;
			proxyType = 1;
			remoteGlobalIDString = A760291B1A318D55008A0436;
			remoteInfo = SlotMachine;
		};
/* End PBXContainerItemProxy section */

/* Begin PBXFileReference section */
		A760291C1A318D56008A0436 /* SlotMachine.app */ = {isa = PBXFileReference; explicitFileType = wrapper.application; includeInIndex = 0; path = SlotMachine.app; sourceTree = BUILT_PRODUCTS_DIR; };
		A76029201A318D56008A0436 /* Info.plist */ = {isa = PBXFileReference; lastKnownFileType = text.plist.xml; path = Info.plist; sourceTree = "<group>"; };
		A76029211A318D56008A0436 /* AppDelegate.swift */ = {isa = PBXFileReference; lastKnownFileType = sourcecode.swift; path = AppDelegate.swift; sourceTree = "<group>"; };
		A76029231A318D56008A0436 /* ViewController.swift */ = {isa = PBXFileReference; lastKnownFileType = sourcecode.swift; path = ViewController.swift; sourceTree = "<group>"; };
		A76029261A318D56008A0436 /* Base */ = {isa = PBXFileReference; lastKnownFileType = file.storyboard; name = Base; path = Base.lproj/Main.storyboard; sourceTree = "<group>"; };
		A76029281A318D56008A0436 /* Images.xcassets */ = {isa = PBXFileReference; lastKnownFileType = folder.assetcatalog; path = Images.xcassets; sourceTree = "<group>"; };
		A760292B1A318D56008A0436 /* Base */ = {isa = PBXFileReference; lastKnownFileType = file.xib; name = Base; path = Base.lproj/LaunchScreen.xib; sourceTree = "<group>"; };
		A76029311A318D56008A0436 /* SlotMachineTests.xctest */ = {isa = PBXFileReference; explicitFileType = wrapper.cfbundle; includeInIndex = 0; path = SlotMachineTests.xctest; sourceTree = BUILT_PRODUCTS_DIR; };
		A76029361A318D56008A0436 /* Info.plist */ = {isa = PBXFileReference; lastKnownFileType = text.plist.xml; path = Info.plist; sourceTree = "<group>"; };
		A76029371A318D56008A0436 /* SlotMachineTests.swift */ = {isa = PBXFileReference; lastKnownFileType = sourcecode.swift; path = SlotMachineTests.swift; sourceTree = "<group>"; };
/* End PBXFileReference section */

/* Begin PBXFrameworksBuildPhase section */
		A76029191A318D55008A0436 /* Frameworks */ = {
			isa = PBXFrameworksBuildPhase;
			buildActionMask = 2147483647;
			files = (
			);
			runOnlyForDeploymentPostprocessing = 0;
		};
		A760292E1A318D56008A0436 /* Frameworks */ = {
			isa = PBXFrameworksBuildPhase;
			buildActionMask = 2147483647;
			files = (
			);
			runOnlyForDeploymentPostprocessing = 0;
		};
/* End PBXFrameworksBuildPhase section */

/* Begin PBXGroup section */
		A76029131A318D55008A0436 = {
			isa = PBXGroup;
			children = (
				A760291E1A318D56008A0436 /* SlotMachine */,
				A76029341A318D56008A0436 /* SlotMachineTests */,
				A760291D1A318D56008A0436 /* Products */,
			);
			sourceTree = "<group>";
		};
		A760291D1A318D56008A0436 /* Products */ = {
			isa = PBXGroup;
			children = (
				A760291C1A318D56008A0436 /* SlotMachine.app */,
				A76029311A318D56008A0436 /* SlotMachineTests.xctest */,
			);
			name = Products;
			sourceTree = "<group>";
		};
		A760291E1A318D56008A0436 /* SlotMachine */ = {
			isa = PBXGroup;
			children = (
				A76029211A318D56008A0436 /* AppDelegate.swift */,
				A76029231A318D56008A0436 /* ViewController.swift */,
				A76029251A318D56008A0436 /* Main.storyboard */,
				A76029281A318D56008A0436 /* Images.xcassets */,
				A760292A1A318D56008A0436 /* LaunchScreen.xib */,
				A760291F1A318D56008A0436 /* Supporting Files */,
			);
			path = SlotMachine;
			sourceTree = "<group>";
		};
		A760291F1A318D56008A0436 /* Supporting Files */ = {
			isa = PBXGroup;
			children = (
				A76029201A318D56008A0436 /* Info.plist */,
			);
			name = "Supporting Files";
			sourceTree = "<group>";
		};
		A76029341A318D56008A0436 /* SlotMachineTests */ = {
			isa = PBXGroup;
			children = (
				A76029371A318D56008A0436 /* SlotMachineTests.swift */,
				A76029351A318D56008A0436 /* Supporting Files */,
			);
			path = SlotMachineTests;
			sourceTree = "<group>";
		};
		A76029351A318D56008A0436 /* Supporting Files */ = {
			isa = PBXGroup;
			children = (
				A76029361A318D56008A0436 /* Info.plist */,
			);
			name = "Supporting Files";
			sourceTree = "<group>";
		};
/* End PBXGroup section */

/* Begin PBXNativeTarget section */
		A760291B1A318D55008A0436 /* SlotMachine */ = {
			isa = PBXNativeTarget;
			buildConfigurationList = A760293B1A318D56008A0436 /* Build configuration list for PBXNativeTarget "SlotMachine" */;
			buildPhases = (
				A76029181A318D55008A0436 /* Sources */,
				A76029191A318D55008A0436 /* Frameworks */,
				A760291A1A318D55008A0436 /* Resources */,
			);
			buildRules = (
			);
			dependencies = (
			);
			name = SlotMachine;
			productName = SlotMachine;
			productReference = A760291C1A318D56008A0436 /* SlotMachine.app */;
			productType = "com.apple.product-type.application";
		};
		A76029301A318D56008A0436 /* SlotMachineTests */ = {
			isa = PBXNativeTarget;
			buildConfigurationList = A760293E1A318D56008A0436 /* Build configuration list for PBXNativeTarget "SlotMachineTests" */;
			buildPhases = (
				A760292D1A318D56008A0436 /* Sources */,
				A760292E1A318D56008A0436 /* Frameworks */,
				A760292F1A318D56008A0436 /* Resources */,
			);
			buildRules = (
			);
			dependencies = (
				A76029331A318D56008A0436 /* PBXTargetDependency */,
			);
			name = SlotMachineTests;
			productName = SlotMachineTests;
			productReference = A76029311A318D56008A0436 /* SlotMachineTests.xctest */;
			productType = "com.apple.product-type.bundle.unit-test";
		};
/* End PBXNativeTarget section */

/* Begin PBXProject section */
		A76029141A318D55008A0436 /* Project object */ = {
			isa = PBXProject;
			attributes = {
				LastUpgradeCheck = 0610;
				ORGANIZATIONNAME = Yosemite;
				TargetAttributes = {
					A760291B1A318D55008A0436 = {
						CreatedOnToolsVersion = 6.1;
					};
					A76029301A318D56008A0436 = {
						CreatedOnToolsVersion = 6.1;
						TestTargetID = A760291B1A318D55008A0436;
					};
				};
			};
			buildConfigurationList = A76029171A318D55008A0436 /* Build configuration list for PBXProject "SlotMachine" */;
			compatibilityVersion = "Xcode 3.2";
			developmentRegion = English;
			hasScannedForEncodings = 0;
			knownRegions = (
				en,
				Base,
			);
			mainGroup = A76029131A318D55008A0436;
			productRefGroup = A760291D1A318D56008A0436 /* Products */;
			projectDirPath = "";
			projectRoot = "";
			targets = (
				A760291B1A318D55008A0436 /* SlotMachine */,
				A76029301A318D56008A0436 /* SlotMachineTests */,
			);
		};
/* End PBXProject section */

/* Begin PBXResourcesBuildPhase section */
		A760291A1A318D55008A0436 /* Resources */ = {
			isa = PBXResourcesBuildPhase;
			buildActionMask = 2147483647;
			files = (
				A76029271A318D56008A0436 /* Main.storyboard in Resources */,
				A760292C1A318D56008A0436 /* LaunchScreen.xib in Resources */,
				A76029291A318D56008A0436 /* Images.xcassets in Resources */,
			);
			runOnlyForDeploymentPostprocessing = 0;
		};
		A760292F1A318D56008A0436 /* Resources */ = {
			isa = PBXResourcesBuildPhase;
			buildActionMask = 2147483647;
			files = (
			);
			runOnlyForDeploymentPostprocessing = 0;
		};
/* End PBXResourcesBuildPhase section */

/* Begin PBXSourcesBuildPhase section */
		A76029181A318D55008A0436 /* Sources */ = {
			isa = PBXSourcesBuildPhase;
			buildActionMask = 2147483647;
			files = (
				A76029241A318D56008A0436 /* ViewController.swift in Sources */,
				A76029221A318D56008A0436 /* AppDelegate.swift in Sources */,
			);
			runOnlyForDeploymentPostprocessing = 0;
		};
		A760292D1A318D56008A0436 /* Sources */ = {
			isa = PBXSourcesBuildPhase;
			buildActionMask = 2147483647;
			files = (
				A76029381A318D56008A0436 /* SlotMachineTests.swift in Sources */,
			);
			runOnlyForDeploymentPostprocessing = 0;
		};
/* End PBXSourcesBuildPhase section */

/* Begin PBXTargetDependency section */
		A76029331A318D56008A0436 /* PBXTargetDependency */ = {
			isa = PBXTargetDependency;
			target = A760291B1A318D55008A0436 /* SlotMachine */;
			targetProxy = A76029321A318D56008A0436 /* PBXContainerItemProxy */;
		};
/* End PBXTargetDependency section */

/* Begin PBXVariantGroup section */
		A76029251A318D56008A0436 /* Main.storyboard */ = {
			isa = PBXVariantGroup;
			children = (
				A76029261A318D56008A0436 /* Base */,
			);
			name = Main.storyboard;
			sourceTree = "<group>";
		};
		A760292A1A318D56008A0436 /* LaunchScreen.xib */ = {
			isa = PBXVariantGroup;
			children = (
				A760292B1A318D56008A0436 /* Base */,
			);
			name = LaunchScreen.xib;
			sourceTree = "<group>";
		};
/* End PBXVariantGroup section */

/* Begin XCBuildConfiguration section */
		A76029391A318D56008A0436 /* Debug */ = {
			isa = XCBuildConfiguration;
			buildSettings = {
				ALWAYS_SEARCH_USER_PATHS = NO;
				CLANG_CXX_LANGUAGE_STANDARD = "gnu++0x";
				CLANG_CXX_LIBRARY = "libc++";
				CLANG_ENABLE_MODULES = YES;
				CLANG_ENABLE_OBJC_ARC = YES;
				CLANG_WARN_BOOL_CONVERSION = YES;
				CLANG_WARN_CONSTANT_CONVERSION = YES;
				CLANG_WARN_DIRECT_OBJC_ISA_USAGE = YES_ERROR;
				CLANG_WARN_EMPTY_BODY = YES;
				CLANG_WARN_ENUM_CONVERSION = YES;
				CLANG_WARN_INT_CONVERSION = YES;
				CLANG_WARN_OBJC_ROOT_CLASS = YES_ERROR;
				CLANG_WARN_UNREACHABLE_CODE = YES;
				CLANG_WARN__DUPLICATE_METHOD_MATCH = YES;
				"CODE_SIGN_IDENTITY[sdk=iphoneos*]" = "iPhone Developer";
				COPY_PHASE_STRIP = NO;
				ENABLE_STRICT_OBJC_MSGSEND = YES;
				GCC_C_LANGUAGE_STANDARD = gnu99;
				GCC_DYNAMIC_NO_PIC = NO;
				GCC_OPTIMIZATION_LEVEL = 0;
				GCC_PREPROCESSOR_DEFINITIONS = (
					"DEBUG=1",
					"$(inherited)",
				);
				GCC_SYMBOLS_PRIVATE_EXTERN = NO;
				GCC_WARN_64_TO_32_BIT_CONVERSION = YES;
				GCC_WARN_ABOUT_RETURN_TYPE = YES_ERROR;
				GCC_WARN_UNDECLARED_SELECTOR = YES;
				GCC_WARN_UNINITIALIZED_AUTOS = YES_AGGRESSIVE;
				GCC_WARN_UNUSED_FUNCTION = YES;
				GCC_WARN_UNUSED_VARIABLE = YES;
				IPHONEOS_DEPLOYMENT_TARGET = 8.1;
				MTL_ENABLE_DEBUG_INFO = YES;
				ONLY_ACTIVE_ARCH = YES;
				SDKROOT = iphoneos;
				SWIFT_OPTIMIZATION_LEVEL = "-Onone";
				TARGETED_DEVICE_FAMILY = "1,2";
			};
			name = Debug;
		};
		A760293A1A318D56008A0436 /* Release */ = {
			isa = XCBuildConfiguration;
			buildSettings = {
				ALWAYS_SEARCH_USER_PATHS = NO;
				CLANG_CXX_LANGUAGE_STANDARD = "gnu++0x";
				CLANG_CXX_LIBRARY = "libc++";
				CLANG_ENABLE_MODULES = YES;
				CLANG_ENABLE_OBJC_ARC = YES;
				CLANG_WARN_BOOL_CONVERSION = YES;
				CLANG_WARN_CONSTANT_CONVERSION = YES;
				CLANG_WARN_DIRECT_OBJC_ISA_USAGE = YES_ERROR;
				CLANG_WARN_EMPTY_BODY = YES;
				CLANG_WARN_ENUM_CONVERSION = YES;
				CLANG_WARN_INT_CONVERSION = YES;
				CLANG_WARN_OBJC_ROOT_CLASS = YES_ERROR;
				CLANG_WARN_UNREACHABLE_CODE = YES;
				CLANG_WARN__DUPLICATE_METHOD_MATCH = YES;
				"CODE_SIGN_IDENTITY[sdk=iphoneos*]" = "iPhone Developer";
				COPY_PHASE_STRIP = YES;
				ENABLE_NS_ASSERTIONS = NO;
				ENABLE_STRICT_OBJC_MSGSEND = YES;
				GCC_C_LANGUAGE_STANDARD = gnu99;
				GCC_WARN_64_TO_32_BIT_CONVERSION = YES;
				GCC_WARN_ABOUT_RETURN_TYPE = YES_ERROR;
				GCC_WARN_UNDECLARED_SELECTOR = YES;
				GCC_WARN_UNINITIALIZED_AUTOS = YES_AGGRESSIVE;
				GCC_WARN_UNUSED_FUNCTION = YES;
				GCC_WARN_UNUSED_VARIABLE = YES;
				IPHONEOS_DEPLOYMENT_TARGET = 8.1;
				MTL_ENABLE_DEBUG_INFO = NO;
				SDKROOT = iphoneos;
				TARGETED_DEVICE_FAMILY = "1,2";
				VALIDATE_PRODUCT = YES;
			};
			name = Release;
		};
		A760293C1A318D56008A0436 /* Debug */ = {
			isa = XCBuildConfiguration;
			buildSettings = {
				ASSETCATALOG_COMPILER_APPICON_NAME = AppIcon;
				INFOPLIST_FILE = SlotMachine/Info.plist;
				LD_RUNPATH_SEARCH_PATHS = "$(inherited) @executable_path/Frameworks";
				PRODUCT_NAME = "$(TARGET_NAME)";
			};
			name = Debug;
		};
		A760293D1A318D56008A0436 /* Release */ = {
			isa = XCBuildConfiguration;
			buildSettings = {
				ASSETCATALOG_COMPILER_APPICON_NAME = AppIcon;
				INFOPLIST_FILE = SlotMachine/Info.plist;
				LD_RUNPATH_SEARCH_PATHS = "$(inherited) @executable_path/Frameworks";
				PRODUCT_NAME = "$(TARGET_NAME)";
			};
			name = Release;
		};
		A760293F1A318D56008A0436 /* Debug */ = {
			isa = XCBuildConfiguration;
			buildSettings = {
				BUNDLE_LOADER = "$(TEST_HOST)";
				FRAMEWORK_SEARCH_PATHS = (
					"$(SDKROOT)/Developer/Library/Frameworks",
					"$(inherited)",
				);
				GCC_PREPROCESSOR_DEFINITIONS = (
					"DEBUG=1",
					"$(inherited)",
				);
				INFOPLIST_FILE = SlotMachineTests/Info.plist;
				LD_RUNPATH_SEARCH_PATHS = "$(inherited) @executable_path/Frameworks @loader_path/Frameworks";
				PRODUCT_NAME = "$(TARGET_NAME)";
				TEST_HOST = "$(BUILT_PRODUCTS_DIR)/SlotMachine.app/SlotMachine";
			};
			name = Debug;
		};
		A76029401A318D56008A0436 /* Release */ = {
			isa = XCBuildConfiguration;
			buildSettings = {
				BUNDLE_LOADER = "$(TEST_HOST)";
				FRAMEWORK_SEARCH_PATHS = (
					"$(SDKROOT)/Developer/Library/Frameworks",
					"$(inherited)",
				);
				INFOPLIST_FILE = SlotMachineTests/Info.plist;
				LD_RUNPATH_SEARCH_PATHS = "$(inherited) @executable_path/Frameworks @loader_path/Frameworks";
				PRODUCT_NAME = "$(TARGET_NAME)";
				TEST_HOST = "$(BUILT_PRODUCTS_DIR)/SlotMachine.app/SlotMachine";
			};
			name = Release;
		};
/* End XCBuildConfiguration section */

/* Begin XCConfigurationList section */
		A76029171A318D55008A0436 /* Build configuration list for PBXProject "SlotMachine" */ = {
			isa = XCConfigurationList;
			buildConfigurations = (
				A76029391A318D56008A0436 /* Debug */,
				A760293A1A318D56008A0436 /* Release */,
			);
			defaultConfigurationIsVisible = 0;
			defaultConfigurationName = Release;
		};
		A760293B1A318D56008A0436 /* Build configuration list for PBXNativeTarget "SlotMachine" */ = {
			isa = XCConfigurationList;
			buildConfigurations = (
				A760293C1A318D56008A0436 /* Debug */,
				A760293D1A318D56008A0436 /* Release */,
			);
			defaultConfigurationIsVisible = 0;
		};
		A760293E1A318D56008A0436 /* Build configuration list for PBXNativeTarget "SlotMachineTests" */ = {
			isa = XCConfigurationList;
			buildConfigurations = (
				A760293F1A318D56008A0436 /* Debug */,
				A76029401A318D56008A0436 /* Release */,
			);
			defaultConfigurationIsVisible = 0;
		};
/* End XCConfigurationList section */
	};
	rootObject = A76029141A318D55008A0436 /* Project object */;
}
